
Microsoft Visual Studio Solution File, Format Version 12.00
# Visual Studio Version 18
VisualStudioVersion = 18.0.11222.15
MinimumVisualStudioVersion = 10.0.40219.1
Project("{FAE04EC0-301F-11D3-BF4B-00C04F79EFBC}") = "Carelytix.HealthAnalytics.Api", "backend\Carelytix.HealthAnalytics.Api\Carelytix.HealthAnalytics.Api.csproj", "{8D2BB08B-C596-8609-DB88-7E33D7426DFF}"
EndProject
Project("{FAE04EC0-301F-11D3-BF4B-00C04F79EFBC}") = "Carelytix.HealthAnalytics.Application", "backend\Carelytix.HealthAnalytics.Application\Carelytix.HealthAnalytics.Application.csproj", "{FA00E307-67F5-2A76-76D8-EC7268237382}"
EndProject
Project("{FAE04EC0-301F-11D3-BF4B-00C04F79EFBC}") = "Carelytix.HealthAnalytics.Domain", "backend\Carelytix.HealthAnalytics.Domain\Carelytix.HealthAnalytics.Domain.csproj", "{0E5E7CDA-C500-43C8-73D7-67053964D817}"
EndProject
Project("{FAE04EC0-301F-11D3-BF4B-00C04F79EFBC}") = "Carelytix.HealthAnalytics.Infrastructure", "backend\Carelytix.HealthAnalytics.Infrastructure\Carelytix.HealthAnalytics.Infrastructure.csproj", "{932C800A-D1DF-6840-EF75-1E9E33D641FA}"
EndProject
Global
	GlobalSection(SolutionConfigurationPlatforms) = preSolution
		Debug|Any CPU = Debug|Any CPU
		Release|Any CPU = Release|Any CPU
	EndGlobalSection
	GlobalSection(ProjectConfigurationPlatforms) = postSolution
		{8D2BB08B-C596-8609-DB88-7E33D7426DFF}.Debug|Any CPU.ActiveCfg = Debug|Any CPU
		{8D2BB08B-C596-8609-DB88-7E33D7426DFF}.Debug|Any CPU.Build.0 = Debug|Any CPU
		{8D2BB08B-C596-8609-DB88-7E33D7426DFF}.Release|Any CPU.ActiveCfg = Release|Any CPU
		{8D2BB08B-C596-8609-DB88-7E33D7426DFF}.Release|Any CPU.Build.0 = Release|Any CPU
		{FA00E307-67F5-2A76-76D8-EC7268237382}.Debug|Any CPU.ActiveCfg = Debug|Any CPU
		{FA00E307-67F5-2A76-76D8-EC7268237382}.Debug|Any CPU.Build.0 = Debug|Any CPU
		{FA00E307-67F5-2A76-76D8-EC7268237382}.Release|Any CPU.ActiveCfg = Release|Any CPU
		{FA00E307-67F5-2A76-76D8-EC7268237382}.Release|Any CPU.Build.0 = Release|Any CPU
		{0E5E7CDA-C500-43C8-73D7-67053964D817}.Debug|Any CPU.ActiveCfg = Debug|Any CPU
		{0E5E7CDA-C500-43C8-73D7-67053964D817}.Debug|Any CPU.Build.0 = Debug|Any CPU
		{0E5E7CDA-C500-43C8-73D7-67053964D817}.Release|Any CPU.ActiveCfg = Release|Any CPU
		{0E5E7CDA-C500-43C8-73D7-67053964D817}.Release|Any CPU.Build.0 = Release|Any CPU
		{932C800A-D1DF-6840-EF75-1E9E33D641FA}.Debug|Any CPU.ActiveCfg = Debug|Any CPU
		{932C800A-D1DF-6840-EF75-1E9E33D641FA}.Debug|Any CPU.Build.0 = Debug|Any CPU
		{932C800A-D1DF-6840-EF75-1E9E33D641FA}.Release|Any CPU.ActiveCfg = Release|Any CPU
		{932C800A-D1DF-6840-EF75-1E9E33D641FA}.Release|Any CPU.Build.0 = Release|Any CPU
	EndGlobalSection
	GlobalSection(SolutionProperties) = preSolution
		HideSolutionNode = FALSE
	EndGlobalSection
	GlobalSection(ExtensibilityGlobals) = postSolution
		SolutionGuid = {936E3878-42DF-44E3-A35E-5B2D8B9E3DFB}
	EndGlobalSection
EndGlobal
